
Microsoft Visual Studio Solution File, Format Version 12.00
# Visual Studio Version 17
VisualStudioVersion = 17.8.34309.116
MinimumVisualStudioVersion = 10.0.40219.1
Project("{FAE04EC0-301F-11D3-BF4B-00C04F79EFBC}") = "CoreValidation_2", "CoreValidation_2\CoreValidation_2.csproj", "{B128B17B-B96D-44A4-B7AB-3764659EC9B9}"
EndProject
Global
	GlobalSection(SolutionConfigurationPlatforms) = preSolution
		Debug|Any CPU = Debug|Any CPU
		Release|Any CPU = Release|Any CPU
	EndGlobalSection
	GlobalSection(ProjectConfigurationPlatforms) = postSolution
		{B128B17B-B96D-44A4-B7AB-3764659EC9B9}.Debug|Any CPU.ActiveCfg = Debug|Any CPU
		{B128B17B-B96D-44A4-B7AB-3764659EC9B9}.Debug|Any CPU.Build.0 = Debug|Any CPU
		{B128B17B-B96D-44A4-B7AB-3764659EC9B9}.Release|Any CPU.ActiveCfg = Release|Any CPU
		{B128B17B-B96D-44A4-B7AB-3764659EC9B9}.Release|Any CPU.Build.0 = Release|Any CPU
	EndGlobalSection
	GlobalSection(SolutionProperties) = preSolution
		HideSolutionNode = FALSE
	EndGlobalSection
	GlobalSection(ExtensibilityGlobals) = postSolution
		SolutionGuid = {8810BF90-4527-4EFF-ADB1-6207CF059212}
	EndGlobalSection
EndGlobal
